
Microsoft Visual Studio Solution File, Format Version 12.00
# Visual Studio Version 16
VisualStudioVersion = 16.0.33027.164
MinimumVisualStudioVersion = 10.0.40219.1
Project("{F184B08F-C81C-45F6-A57F-5ABD9991F28F}") = "LoginAdmin", "LoginAdmin\LoginAdmin.vbproj", "{38209639-0B14-4883-A34A-CA5FC2C2455B}"
EndProject
Global
	GlobalSection(SolutionConfigurationPlatforms) = preSolution
		Debug|Any CPU = Debug|Any CPU
		Release|Any CPU = Release|Any CPU
	EndGlobalSection
	GlobalSection(ProjectConfigurationPlatforms) = postSolution
		{38209639-0B14-4883-A34A-CA5FC2C2455B}.Debug|Any CPU.ActiveCfg = Debug|Any CPU
		{38209639-0B14-4883-A34A-CA5FC2C2455B}.Debug|Any CPU.Build.0 = Debug|Any CPU
		{38209639-0B14-4883-A34A-CA5FC2C2455B}.Release|Any CPU.ActiveCfg = Release|Any CPU
		{38209639-0B14-4883-A34A-CA5FC2C2455B}.Release|Any CPU.Build.0 = Release|Any CPU
	EndGlobalSection
	GlobalSection(SolutionProperties) = preSolution
		HideSolutionNode = FALSE
	EndGlobalSection
	GlobalSection(ExtensibilityGlobals) = postSolution
		SolutionGuid = {2A70090B-CFA3-4D7B-8B1A-561684714A5D}
	EndGlobalSection
EndGlobal
